// !$*UTF8*$!
{
	archiveVersion = 1;
	classes = {
	};
	objectVersion = 55;
	objects = {

/* Begin PBXBuildFile section */
		4C573F1B28464426008F98F7 /* AppDelegate.swift in Sources */ = {isa = PBXBuildFile; fileRef = 4C573F1A28464426008F98F7 /* AppDelegate.swift */; };
		4C573F1D28464426008F98F7 /* SceneDelegate.swift in Sources */ = {isa = PBXBuildFile; fileRef = 4C573F1C28464426008F98F7 /* SceneDelegate.swift */; };
		4C573F1F28464426008F98F7 /* ViewController.swift in Sources */ = {isa = PBXBuildFile; fileRef = 4C573F1E28464426008F98F7 /* ViewController.swift */; };
		4C573F2228464426008F98F7 /* Main.storyboard in Resources */ = {isa = PBXBuildFile; fileRef = 4C573F2028464426008F98F7 /* Main.storyboard */; };
		4C573F2428464427008F98F7 /* Assets.xcassets in Resources */ = {isa = PBXBuildFile; fileRef = 4C573F2328464427008F98F7 /* Assets.xcassets */; };
		4C573F2728464427008F98F7 /* LaunchScreen.storyboard in Resources */ = {isa = PBXBuildFile; fileRef = 4C573F2528464427008F98F7 /* LaunchScreen.storyboard */; };
		4C573F3128464574008F98F7 /* FirebaseMessaging in Frameworks */ = {isa = PBXBuildFile; productRef = 4C573F3028464574008F98F7 /* FirebaseMessaging */; };
		4C573F3728465535008F98F7 /* CartViewController.swift in Sources */ = {isa = PBXBuildFile; fileRef = 4C573F3628465535008F98F7 /* CartViewController.swift */; };
		9BACDBA77A7DD6512D18903B /* Pods_FlyyX_Integration.framework in Frameworks */ = {isa = PBXBuildFile; fileRef = 265FA74893BD751DC181F065 /* Pods_FlyyX_Integration.framework */; };
/* End PBXBuildFile section */

/* Begin PBXFileReference section */
		0962245CB7B20A91E4854F96 /* Pods-FlyyX Integration.release.xcconfig */ = {isa = PBXFileReference; includeInIndex = 1; lastKnownFileType = text.xcconfig; name = "Pods-FlyyX Integration.release.xcconfig"; path = "Target Support Files/Pods-FlyyX Integration/Pods-FlyyX Integration.release.xcconfig"; sourceTree = "<group>"; };
		265FA74893BD751DC181F065 /* Pods_FlyyX_Integration.framework */ = {isa = PBXFileReference; explicitFileType = wrapper.framework; includeInIndex = 0; path = Pods_FlyyX_Integration.framework; sourceTree = BUILT_PRODUCTS_DIR; };
		4C573F1728464426008F98F7 /* FlyyX Integration.app */ = {isa = PBXFileReference; explicitFileType = wrapper.application; includeInIndex = 0; path = "FlyyX Integration.app"; sourceTree = BUILT_PRODUCTS_DIR; };
		4C573F1A28464426008F98F7 /* AppDelegate.swift */ = {isa = PBXFileReference; lastKnownFileType = sourcecode.swift; path = AppDelegate.swift; sourceTree = "<group>"; };
		4C573F1C28464426008F98F7 /* SceneDelegate.swift */ = {isa = PBXFileReference; lastKnownFileType = sourcecode.swift; path = SceneDelegate.swift; sourceTree = "<group>"; };
		4C573F1E28464426008F98F7 /* ViewController.swift */ = {isa = PBXFileReference; lastKnownFileType = sourcecode.swift; path = ViewController.swift; sourceTree = "<group>"; };
		4C573F2128464426008F98F7 /* Base */ = {isa = PBXFileReference; lastKnownFileType = file.storyboard; name = Base; path = Base.lproj/Main.storyboard; sourceTree = "<group>"; };
		4C573F2328464427008F98F7 /* Assets.xcassets */ = {isa = PBXFileReference; lastKnownFileType = folder.assetcatalog; path = Assets.xcassets; sourceTree = "<group>"; };
		4C573F2628464427008F98F7 /* Base */ = {isa = PBXFileReference; lastKnownFileType = file.storyboard; name = Base; path = Base.lproj/LaunchScreen.storyboard; sourceTree = "<group>"; };
		4C573F2828464427008F98F7 /* Info.plist */ = {isa = PBXFileReference; lastKnownFileType = text.plist.xml; path = Info.plist; sourceTree = "<group>"; };
		4C573F2E2846449B008F98F7 /* FlyyX Integration.entitlements */ = {isa = PBXFileReference; lastKnownFileType = text.plist.entitlements; path = "FlyyX Integration.entitlements"; sourceTree = "<group>"; };
		4C573F3628465535008F98F7 /* CartViewController.swift */ = {isa = PBXFileReference; lastKnownFileType = sourcecode.swift; path = CartViewController.swift; sourceTree = "<group>"; };
		9898B2B1D5AEE3E9C47BAC9E /* Pods-FlyyX Integration.debug.xcconfig */ = {isa = PBXFileReference; includeInIndex = 1; lastKnownFileType = text.xcconfig; name = "Pods-FlyyX Integration.debug.xcconfig"; path = "Target Support Files/Pods-FlyyX Integration/Pods-FlyyX Integration.debug.xcconfig"; sourceTree = "<group>"; };
/* End PBXFileReference section */

/* Begin PBXFrameworksBuildPhase section */
		4C573F1428464426008F98F7 /* Frameworks */ = {
			isa = PBXFrameworksBuildPhase;
			buildActionMask = 2147483647;
			files = (
				4C573F3128464574008F98F7 /* FirebaseMessaging in Frameworks */,
				9BACDBA77A7DD6512D18903B /* Pods_FlyyX_Integration.framework in Frameworks */,
			);
			runOnlyForDeploymentPostprocessing = 0;
		};
/* End PBXFrameworksBuildPhase section */

/* Begin PBXGroup section */
		4C573F0E28464426008F98F7 = {
			isa = PBXGroup;
			children = (
				4C573F1928464426008F98F7 /* FlyyX Integration */,
				4C573F1828464426008F98F7 /* Products */,
				7D9F0BE36550C66D608B3723 /* Pods */,
				CA7BB9F5D2E5EDFF1ADC3E41 /* Frameworks */,
			);
			sourceTree = "<group>";
		};
		4C573F1828464426008F98F7 /* Products */ = {
			isa = PBXGroup;
			children = (
				4C573F1728464426008F98F7 /* FlyyX Integration.app */,
			);
			name = Products;
			sourceTree = "<group>";
		};
		4C573F1928464426008F98F7 /* FlyyX Integration */ = {
			isa = PBXGroup;
			children = (
				4C573F2E2846449B008F98F7 /* FlyyX Integration.entitlements */,
				4C573F1A28464426008F98F7 /* AppDelegate.swift */,
				4C573F1C28464426008F98F7 /* SceneDelegate.swift */,
				4C573F1E28464426008F98F7 /* ViewController.swift */,
				4C573F3628465535008F98F7 /* CartViewController.swift */,
				4C573F2028464426008F98F7 /* Main.storyboard */,
				4C573F2328464427008F98F7 /* Assets.xcassets */,
				4C573F2528464427008F98F7 /* LaunchScreen.storyboard */,
				4C573F2828464427008F98F7 /* Info.plist */,
			);
			path = "FlyyX Integration";
			sourceTree = "<group>";
		};
		7D9F0BE36550C66D608B3723 /* Pods */ = {
			isa = PBXGroup;
			children = (
				9898B2B1D5AEE3E9C47BAC9E /* Pods-FlyyX Integration.debug.xcconfig */,
				0962245CB7B20A91E4854F96 /* Pods-FlyyX Integration.release.xcconfig */,
			);
			path = Pods;
			sourceTree = "<group>";
		};
		CA7BB9F5D2E5EDFF1ADC3E41 /* Frameworks */ = {
			isa = PBXGroup;
			children = (
				265FA74893BD751DC181F065 /* Pods_FlyyX_Integration.framework */,
			);
			name = Frameworks;
			sourceTree = "<group>";
		};
/* End PBXGroup section */

/* Begin PBXNativeTarget section */
		4C573F1628464426008F98F7 /* FlyyX Integration */ = {
			isa = PBXNativeTarget;
			buildConfigurationList = 4C573F2B28464427008F98F7 /* Build configuration list for PBXNativeTarget "FlyyX Integration" */;
			buildPhases = (
				E61BDC8C2A80B1FE8E335FEA /* [CP] Check Pods Manifest.lock */,
				4C573F1328464426008F98F7 /* Sources */,
				4C573F1428464426008F98F7 /* Frameworks */,
				4C573F1528464426008F98F7 /* Resources */,
				D3A9086FBCEE748E41B709F4 /* [CP] Embed Pods Frameworks */,
			);
			buildRules = (
			);
			dependencies = (
			);
			name = "FlyyX Integration";
			packageProductDependencies = (
				4C573F3028464574008F98F7 /* FirebaseMessaging */,
			);
			productName = "FlyyX Integration";
			productReference = 4C573F1728464426008F98F7 /* FlyyX Integration.app */;
			productType = "com.apple.product-type.application";
		};
/* End PBXNativeTarget section */

/* Begin PBXProject section */
		4C573F0F28464426008F98F7 /* Project object */ = {
			isa = PBXProject;
			attributes = {
				BuildIndependentTargetsInParallel = 1;
				LastSwiftUpdateCheck = 1340;
				LastUpgradeCheck = 1340;
				TargetAttributes = {
					4C573F1628464426008F98F7 = {
						CreatedOnToolsVersion = 13.4;
					};
				};
			};
			buildConfigurationList = 4C573F1228464426008F98F7 /* Build configuration list for PBXProject "FlyyX Integration" */;
			compatibilityVersion = "Xcode 13.0";
			developmentRegion = en;
			hasScannedForEncodings = 0;
			knownRegions = (
				en,
				Base,
			);
			mainGroup = 4C573F0E28464426008F98F7;
			packageReferences = (
				4C573F2F28464574008F98F7 /* XCRemoteSwiftPackageReference "firebase-ios-sdk" */,
			);
			productRefGroup = 4C573F1828464426008F98F7 /* Products */;
			projectDirPath = "";
			projectRoot = "";
			targets = (
				4C573F1628464426008F98F7 /* FlyyX Integration */,
			);
		};
/* End PBXProject section */

/* Begin PBXResourcesBuildPhase section */
		4C573F1528464426008F98F7 /* Resources */ = {
			isa = PBXResourcesBuildPhase;
			buildActionMask = 2147483647;
			files = (
				4C573F2728464427008F98F7 /* LaunchScreen.storyboard in Resources */,
				4C573F2428464427008F98F7 /* Assets.xcassets in Resources */,
				4C573F2228464426008F98F7 /* Main.storyboard in Resources */,
			);
			runOnlyForDeploymentPostprocessing = 0;
		};
/* End PBXResourcesBuildPhase section */

/* Begin PBXShellScriptBuildPhase section */
		D3A9086FBCEE748E41B709F4 /* [CP] Embed Pods Frameworks */ = {
			isa = PBXShellScriptBuildPhase;
			buildActionMask = 2147483647;
			files = (
			);
			inputFileListPaths = (
				"${PODS_ROOT}/Target Support Files/Pods-FlyyX Integration/Pods-FlyyX Integration-frameworks-${CONFIGURATION}-input-files.xcfilelist",
			);
			name = "[CP] Embed Pods Frameworks";
			outputFileListPaths = (
				"${PODS_ROOT}/Target Support Files/Pods-FlyyX Integration/Pods-FlyyX Integration-frameworks-${CONFIGURATION}-output-files.xcfilelist",
			);
			runOnlyForDeploymentPostprocessing = 0;
			shellPath = /bin/sh;
			shellScript = "\"${PODS_ROOT}/Target Support Files/Pods-FlyyX Integration/Pods-FlyyX Integration-frameworks.sh\"\n";
			showEnvVarsInLog = 0;
		};
		E61BDC8C2A80B1FE8E335FEA /* [CP] Check Pods Manifest.lock */ = {
			isa = PBXShellScriptBuildPhase;
			buildActionMask = 2147483647;
			files = (
			);
			inputFileListPaths = (
			);
			inputPaths = (
				"${PODS_PODFILE_DIR_PATH}/Podfile.lock",
				"${PODS_ROOT}/Manifest.lock",
			);
			name = "[CP] Check Pods Manifest.lock";
			outputFileListPaths = (
			);
			outputPaths = (
				"$(DERIVED_FILE_DIR)/Pods-FlyyX Integration-checkManifestLockResult.txt",
			);
			runOnlyForDeploymentPostprocessing = 0;
			shellPath = /bin/sh;
			shellScript = "diff \"${PODS_PODFILE_DIR_PATH}/Podfile.lock\" \"${PODS_ROOT}/Manifest.lock\" > /dev/null\nif [ $? != 0 ] ; then\n    # print error to STDERR\n    echo \"error: The sandbox is not in sync with the Podfile.lock. Run 'pod install' or update your CocoaPods installation.\" >&2\n    exit 1\nfi\n# This output is used by Xcode 'outputs' to avoid re-running this script phase.\necho \"SUCCESS\" > \"${SCRIPT_OUTPUT_FILE_0}\"\n";
			showEnvVarsInLog = 0;
		};
/* End PBXShellScriptBuildPhase section */

/* Begin PBXSourcesBuildPhase section */
		4C573F1328464426008F98F7 /* Sources */ = {
			isa = PBXSourcesBuildPhase;
			buildActionMask = 2147483647;
			files = (
				4C573F3728465535008F98F7 /* CartViewController.swift in Sources */,
				4C573F1F28464426008F98F7 /* ViewController.swift in Sources */,
				4C573F1B28464426008F98F7 /* AppDelegate.swift in Sources */,
				4C573F1D28464426008F98F7 /* SceneDelegate.swift in Sources */,
			);
			runOnlyForDeploymentPostprocessing = 0;
		};
/* End PBXSourcesBuildPhase section */

/* Begin PBXVariantGroup section */
		4C573F2028464426008F98F7 /* Main.storyboard */ = {
			isa = PBXVariantGroup;
			children = (
				4C573F2128464426008F98F7 /* Base */,
			);
			name = Main.storyboard;
			sourceTree = "<group>";
		};
		4C573F2528464427008F98F7 /* LaunchScreen.storyboard */ = {
			isa = PBXVariantGroup;
			children = (
				4C573F2628464427008F98F7 /* Base */,
			);
			name = LaunchScreen.storyboard;
			sourceTree = "<group>";
		};
/* End PBXVariantGroup section */

/* Begin XCBuildConfiguration section */
		4C573F2928464427008F98F7 /* Debug */ = {
			isa = XCBuildConfiguration;
			buildSettings = {
				ALWAYS_SEARCH_USER_PATHS = NO;
				CLANG_ANALYZER_NONNULL = YES;
				CLANG_ANALYZER_NUMBER_OBJECT_CONVERSION = YES_AGGRESSIVE;
				CLANG_CXX_LANGUAGE_STANDARD = "gnu++17";
				CLANG_ENABLE_MODULES = YES;
				CLANG_ENABLE_OBJC_ARC = YES;
				CLANG_ENABLE_OBJC_WEAK = YES;
				CLANG_WARN_BLOCK_CAPTURE_AUTORELEASING = YES;
				CLANG_WARN_BOOL_CONVERSION = YES;
				CLANG_WARN_COMMA = YES;
				CLANG_WARN_CONSTANT_CONVERSION = YES;
				CLANG_WARN_DEPRECATED_OBJC_IMPLEMENTATIONS = YES;
				CLANG_WARN_DIRECT_OBJC_ISA_USAGE = YES_ERROR;
				CLANG_WARN_DOCUMENTATION_COMMENTS = YES;
				CLANG_WARN_EMPTY_BODY = YES;
				CLANG_WARN_ENUM_CONVERSION = YES;
				CLANG_WARN_INFINITE_RECURSION = YES;
				CLANG_WARN_INT_CONVERSION = YES;
				CLANG_WARN_NON_LITERAL_NULL_CONVERSION = YES;
				CLANG_WARN_OBJC_IMPLICIT_RETAIN_SELF = YES;
				CLANG_WARN_OBJC_LITERAL_CONVERSION = YES;
				CLANG_WARN_OBJC_ROOT_CLASS = YES_ERROR;
				CLANG_WARN_QUOTED_INCLUDE_IN_FRAMEWORK_HEADER = YES;
				CLANG_WARN_RANGE_LOOP_ANALYSIS = YES;
				CLANG_WARN_STRICT_PROTOTYPES = YES;
				CLANG_WARN_SUSPICIOUS_MOVE = YES;
				CLANG_WARN_UNGUARDED_AVAILABILITY = YES_AGGRESSIVE;
				CLANG_WARN_UNREACHABLE_CODE = YES;
				CLANG_WARN__DUPLICATE_METHOD_MATCH = YES;
				COPY_PHASE_STRIP = NO;
				DEBUG_INFORMATION_FORMAT = dwarf;
				ENABLE_STRICT_OBJC_MSGSEND = YES;
				ENABLE_TESTABILITY = YES;
				GCC_C_LANGUAGE_STANDARD = gnu11;
				GCC_DYNAMIC_NO_PIC = NO;
				GCC_NO_COMMON_BLOCKS = YES;
				GCC_OPTIMIZATION_LEVEL = 0;
				GCC_PREPROCESSOR_DEFINITIONS = (
					"DEBUG=1",
					"$(inherited)",
				);
				GCC_WARN_64_TO_32_BIT_CONVERSION = YES;
				GCC_WARN_ABOUT_RETURN_TYPE = YES_ERROR;
				GCC_WARN_UNDECLARED_SELECTOR = YES;
				GCC_WARN_UNINITIALIZED_AUTOS = YES_AGGRESSIVE;
				GCC_WARN_UNUSED_FUNCTION = YES;
				GCC_WARN_UNUSED_VARIABLE = YES;
				IPHONEOS_DEPLOYMENT_TARGET = 10.0;
				MTL_ENABLE_DEBUG_INFO = INCLUDE_SOURCE;
				MTL_FAST_MATH = YES;
				ONLY_ACTIVE_ARCH = YES;
				SDKROOT = iphoneos;
				SWIFT_ACTIVE_COMPILATION_CONDITIONS = DEBUG;
				SWIFT_OPTIMIZATION_LEVEL = "-Onone";
			};
			name = Debug;
		};
		4C573F2A28464427008F98F7 /* Release */ = {
			isa = XCBuildConfiguration;
			buildSettings = {
				ALWAYS_SEARCH_USER_PATHS = NO;
				CLANG_ANALYZER_NONNULL = YES;
				CLANG_ANALYZER_NUMBER_OBJECT_CONVERSION = YES_AGGRESSIVE;
				CLANG_CXX_LANGUAGE_STANDARD = "gnu++17";
				CLANG_ENABLE_MODULES = YES;
				CLANG_ENABLE_OBJC_ARC = YES;
				CLANG_ENABLE_OBJC_WEAK = YES;
				CLANG_WARN_BLOCK_CAPTURE_AUTORELEASING = YES;
				CLANG_WARN_BOOL_CONVERSION = YES;
				CLANG_WARN_COMMA = YES;
				CLANG_WARN_CONSTANT_CONVERSION = YES;
				CLANG_WARN_DEPRECATED_OBJC_IMPLEMENTATIONS = YES;
				CLANG_WARN_DIRECT_OBJC_ISA_USAGE = YES_ERROR;
				CLANG_WARN_DOCUMENTATION_COMMENTS = YES;
				CLANG_WARN_EMPTY_BODY = YES;
				CLANG_WARN_ENUM_CONVERSION = YES;
				CLANG_WARN_INFINITE_RECURSION = YES;
				CLANG_WARN_INT_CONVERSION = YES;
				CLANG_WARN_NON_LITERAL_NULL_CONVERSION = YES;
				CLANG_WARN_OBJC_IMPLICIT_RETAIN_SELF = YES;
				CLANG_WARN_OBJC_LITERAL_CONVERSION = YES;
				CLANG_WARN_OBJC_ROOT_CLASS = YES_ERROR;
				CLANG_WARN_QUOTED_INCLUDE_IN_FRAMEWORK_HEADER = YES;
				CLANG_WARN_RANGE_LOOP_ANALYSIS = YES;
				CLANG_WARN_STRICT_PROTOTYPES = YES;
				CLANG_WARN_SUSPICIOUS_MOVE = YES;
				CLANG_WARN_UNGUARDED_AVAILABILITY = YES_AGGRESSIVE;
				CLANG_WARN_UNREACHABLE_CODE = YES;
				CLANG_WARN__DUPLICATE_METHOD_MATCH = YES;
				COPY_PHASE_STRIP = NO;
				DEBUG_INFORMATION_FORMAT = "dwarf-with-dsym";
				ENABLE_NS_ASSERTIONS = NO;
				ENABLE_STRICT_OBJC_MSGSEND = YES;
				GCC_C_LANGUAGE_STANDARD = gnu11;
				GCC_NO_COMMON_BLOCKS = YES;
				GCC_WARN_64_TO_32_BIT_CONVERSION = YES;
				GCC_WARN_ABOUT_RETURN_TYPE = YES_ERROR;
				GCC_WARN_UNDECLARED_SELECTOR = YES;
				GCC_WARN_UNINITIALIZED_AUTOS = YES_AGGRESSIVE;
				GCC_WARN_UNUSED_FUNCTION = YES;
				GCC_WARN_UNUSED_VARIABLE = YES;
				IPHONEOS_DEPLOYMENT_TARGET = 10.0;
				MTL_ENABLE_DEBUG_INFO = NO;
				MTL_FAST_MATH = YES;
				SDKROOT = iphoneos;
				SWIFT_COMPILATION_MODE = wholemodule;
				SWIFT_OPTIMIZATION_LEVEL = "-O";
				VALIDATE_PRODUCT = YES;
			};
			name = Release;
		};
		4C573F2C28464427008F98F7 /* Debug */ = {
			isa = XCBuildConfiguration;
			baseConfigurationReference = 9898B2B1D5AEE3E9C47BAC9E /* Pods-FlyyX Integration.debug.xcconfig */;
			buildSettings = {
				ASSETCATALOG_COMPILER_APPICON_NAME = AppIcon;
				ASSETCATALOG_COMPILER_GLOBAL_ACCENT_COLOR_NAME = AccentColor;
				CODE_SIGN_ENTITLEMENTS = "FlyyX Integration/FlyyX Integration.entitlements";
				CODE_SIGN_STYLE = Automatic;
				CURRENT_PROJECT_VERSION = 1;
				DEVELOPMENT_TEAM = D8M6R2Z3Y8;
				GENERATE_INFOPLIST_FILE = YES;
				INFOPLIST_FILE = "FlyyX Integration/Info.plist";
				INFOPLIST_KEY_UIApplicationSupportsIndirectInputEvents = YES;
				INFOPLIST_KEY_UILaunchStoryboardName = LaunchScreen;
				INFOPLIST_KEY_UIMainStoryboardFile = Main;
				INFOPLIST_KEY_UISupportedInterfaceOrientations_iPad = "UIInterfaceOrientationPortrait UIInterfaceOrientationPortraitUpsideDown UIInterfaceOrientationLandscapeLeft UIInterfaceOrientationLandscapeRight";
				INFOPLIST_KEY_UISupportedInterfaceOrientations_iPhone = "UIInterfaceOrientationPortrait UIInterfaceOrientationLandscapeLeft UIInterfaceOrientationLandscapeRight";
				IPHONEOS_DEPLOYMENT_TARGET = 10.0;
				LD_RUNPATH_SEARCH_PATHS = (
					"$(inherited)",
					"@executable_path/Frameworks",
				);
				MARKETING_VERSION = 1.0;
				PRODUCT_NAME = "$(TARGET_NAME)";
				SWIFT_EMIT_LOC_STRINGS = YES;
				SWIFT_VERSION = 5.0;
				TARGETED_DEVICE_FAMILY = "1,2";
			};
			name = Debug;
		};
		4C573F2D28464427008F98F7 /* Release */ = {
			isa = XCBuildConfiguration;
			baseConfigurationReference = 0962245CB7B20A91E4854F96 /* Pods-FlyyX Integration.release.xcconfig */;
			buildSettings = {
				ASSETCATALOG_COMPILER_APPICON_NAME = AppIcon;
				ASSETCATALOG_COMPILER_GLOBAL_ACCENT_COLOR_NAME = AccentColor;
				CODE_SIGN_ENTITLEMENTS = "FlyyX Integration/FlyyX Integration.entitlements";
				CODE_SIGN_STYLE = Automatic;
				CURRENT_PROJECT_VERSION = 1;
				DEVELOPMENT_TEAM = D8M6R2Z3Y8;
				GENERATE_INFOPLIST_FILE = YES;
				INFOPLIST_FILE = "FlyyX Integration/Info.plist";
				INFOPLIST_KEY_UIApplicationSupportsIndirectInputEvents = YES;
				INFOPLIST_KEY_UILaunchStoryboardName = LaunchScreen;
				INFOPLIST_KEY_UIMainStoryboardFile = Main;
				INFOPLIST_KEY_UISupportedInterfaceOrientations_iPad = "UIInterfaceOrientationPortrait UIInterfaceOrientationPortraitUpsideDown UIInterfaceOrientationLandscapeLeft UIInterfaceOrientationLandscapeRight";
				INFOPLIST_KEY_UISupportedInterfaceOrientations_iPhone = "UIInterfaceOrientationPortrait UIInterfaceOrientationLandscapeLeft UIInterfaceOrientationLandscapeRight";
				IPHONEOS_DEPLOYMENT_TARGET = 10.0;
				LD_RUNPATH_SEARCH_PATHS = (
					"$(inherited)",
					"@executable_path/Frameworks",
				);
				MARKETING_VERSION = 1.0;
				PRODUCT_NAME = "$(TARGET_NAME)";
				SWIFT_EMIT_LOC_STRINGS = YES;
				SWIFT_VERSION = 5.0;
				TARGETED_DEVICE_FAMILY = "1,2";
			};
			name = Release;
		};
/* End XCBuildConfiguration section */

/* Begin XCConfigurationList section */
		4C573F1228464426008F98F7 /* Build configuration list for PBXProject "FlyyX Integration" */ = {
			isa = XCConfigurationList;
			buildConfigurations = (
				4C573F2928464427008F98F7 /* Debug */,
				4C573F2A28464427008F98F7 /* Release */,
			);
			defaultConfigurationIsVisible = 0;
			defaultConfigurationName = Release;
		};
		4C573F2B28464427008F98F7 /* Build configuration list for PBXNativeTarget "FlyyX Integration" */ = {
			isa = XCConfigurationList;
			buildConfigurations = (
				4C573F2C28464427008F98F7 /* Debug */,
				4C573F2D28464427008F98F7 /* Release */,
			);
			defaultConfigurationIsVisible = 0;
			defaultConfigurationName = Release;
		};
/* End XCConfigurationList section */

/* Begin XCRemoteSwiftPackageReference section */
		4C573F2F28464574008F98F7 /* XCRemoteSwiftPackageReference "firebase-ios-sdk" */ = {
			isa = XCRemoteSwiftPackageReference;
			repositoryURL = "https://github.com/firebase/firebase-ios-sdk";
			requirement = {
				kind = upToNextMajorVersion;
				minimumVersion = 9.0.0;
			};
		};
/* End XCRemoteSwiftPackageReference section */

/* Begin XCSwiftPackageProductDependency section */
		4C573F3028464574008F98F7 /* FirebaseMessaging */ = {
			isa = XCSwiftPackageProductDependency;
			package = 4C573F2F28464574008F98F7 /* XCRemoteSwiftPackageReference "firebase-ios-sdk" */;
			productName = FirebaseMessaging;
		};
/* End XCSwiftPackageProductDependency section */
	};
	rootObject = 4C573F0F28464426008F98F7 /* Project object */;
}
